
Microsoft Visual Studio Solution File, Format Version 12.00
# Visual Studio Version 16
VisualStudioVersion = 16.0.29021.104
MinimumVisualStudioVersion = 10.0.40219.1
Project("{F184B08F-C81C-45F6-A57F-5ABD9991F28F}") = "CalculoSueldo", "CalculoSueldo\CalculoSueldo.vbproj", "{B98CF4C2-4457-42A7-8E69-78837860D58F}"
EndProject
Project("{F184B08F-C81C-45F6-A57F-5ABD9991F28F}") = "SuperficieCuadrado", "SuperficieCuadrado\SuperficieCuadrado.vbproj", "{9FC70C3C-0CF7-4A67-AA5B-D7CD7B5681A4}"
EndProject
Project("{F184B08F-C81C-45F6-A57F-5ABD9991F28F}") = "SumaProducto", "SumaProducto\SumaProducto.vbproj", "{F5BEFDE1-6B2B-49A2-97BE-E49354992663}"
EndProject
Project("{F184B08F-C81C-45F6-A57F-5ABD9991F28F}") = "Problemas05", "Problemas05\Problemas05.vbproj", "{7AB6E307-9502-43F8-8DEB-E3FB2C0B59B3}"
EndProject
Project("{2150E333-8FDC-42A3-9474-1A3956D46DE8}") = "Problemas", "Problemas", "{DD6C062E-798A-4885-837D-E4B583277BA5}"
EndProject
Project("{F184B08F-C81C-45F6-A57F-5ABD9991F28F}") = "IngresoSueldo", "IngresoSueldo\IngresoSueldo.vbproj", "{C5FC3A20-3EC9-4F4A-AE2C-94C1138D81D6}"
EndProject
Project("{2150E333-8FDC-42A3-9474-1A3956D46DE8}") = "06 - Estructuras condicionales simples y compuestas", "06 - Estructuras condicionales simples y compuestas", "{ECA9B3B4-8D5C-4897-9949-A0E82E95E031}"
EndProject
Project("{F184B08F-C81C-45F6-A57F-5ABD9991F28F}") = "NumeroMayor", "NumeroMayor\NumeroMayor.vbproj", "{289E0ECC-63D5-4953-A872-7B734F0AD9CD}"
EndProject
Project("{2150E333-8FDC-42A3-9474-1A3956D46DE8}") = "Problemas06", "Problemas06", "{2F11180B-F193-43DA-940D-6A16B2812E5D}"
EndProject
Project("{F184B08F-C81C-45F6-A57F-5ABD9991F28F}") = "Problema1", "Problema1\Problema1.vbproj", "{CBDA9B5D-D835-4369-A32F-709BEA74DE9D}"
EndProject
Project("{F184B08F-C81C-45F6-A57F-5ABD9991F28F}") = "Problema2", "Problema2\Problema2.vbproj", "{5DAF9588-6286-4A42-88AE-C7A73BA0D5DB}"
EndProject
Project("{F184B08F-C81C-45F6-A57F-5ABD9991F28F}") = "Problema3", "Problema3\Problema3.vbproj", "{A708156B-AB6F-44AC-B89B-092DE0DB8156}"
EndProject
Project("{2150E333-8FDC-42A3-9474-1A3956D46DE8}") = "Problemas07", "Problemas07", "{5B75FFE1-35C9-4DD2-B949-3802BD2A036A}"
EndProject
Project("{2150E333-8FDC-42A3-9474-1A3956D46DE8}") = "07 - Estructuras condicionales anidadas", "07 - Estructuras condicionales anidadas", "{341B0FD9-D887-46CF-AE41-DE5CF38222E7}"
EndProject
Project("{2150E333-8FDC-42A3-9474-1A3956D46DE8}") = "04 - Errores sintácticos y lógicos", "04 - Errores sintácticos y lógicos", "{CA4E298D-0F55-42F8-9DD4-53A31A0021EB}"
EndProject
Project("{2150E333-8FDC-42A3-9474-1A3956D46DE8}") = "05 - Estructura de programación secuencial", "05 - Estructura de programación secuencial", "{C0D0D99D-9C53-4713-8216-C65B5CD54C2B}"
EndProject
Project("{2150E333-8FDC-42A3-9474-1A3956D46DE8}") = "03 - Codificación del diagrama de flujo", "03 - Codificación del diagrama de flujo", "{7E9FC828-28E0-4F97-B6EE-95570C8DDD2B}"
EndProject
Project("{F184B08F-C81C-45F6-A57F-5ABD9991F28F}") = "PromedioTresNum", "PromedioTresNum\PromedioTresNum.vbproj", "{28194CA6-CC57-471A-B4DE-4D4B0E6F19B2}"
EndProject
Project("{F184B08F-C81C-45F6-A57F-5ABD9991F28F}") = "Problema01", "Problema01\Problema01.vbproj", "{DEDDA305-A66D-4830-946D-FDD91A5EC933}"
EndProject
Project("{F184B08F-C81C-45F6-A57F-5ABD9991F28F}") = "Problema02", "Problema02\Problema02.vbproj", "{198C5331-EBF0-4418-AD2B-4856AEE9FBFA}"
EndProject
Project("{F184B08F-C81C-45F6-A57F-5ABD9991F28F}") = "Problema03", "Problema03\Problema03.vbproj", "{A7703F6D-08F1-4604-9030-AF53C8BCADFD}"
EndProject
Project("{F184B08F-C81C-45F6-A57F-5ABD9991F28F}") = "Problema04", "Problema04\Problema04.vbproj", "{A6D52906-59C8-48EF-AB32-969EB579C023}"
EndProject
Project("{2150E333-8FDC-42A3-9474-1A3956D46DE8}") = "08 - Estructuras condicionales con condiciones compuestas y operadores lógicos", "08 - Estructuras condicionales con condiciones compuestas y operadores lógicos", "{53306104-CB66-4683-B840-BC3608F4E801}"
EndProject
Project("{F184B08F-C81C-45F6-A57F-5ABD9991F28F}") = "MayorTresNumeros", "Tema08\MayorTresNumeros\MayorTresNumeros.vbproj", "{ED1F5486-1ECC-4B9F-B363-D8DA36BDD05D}"
EndProject
Project("{F184B08F-C81C-45F6-A57F-5ABD9991F28F}") = "PrimerTrimestre", "PrimerTrimestre\PrimerTrimestre.vbproj", "{DB069F69-0E5B-4232-B9D4-7EF689562ABA}"
EndProject
Project("{2150E333-8FDC-42A3-9474-1A3956D46DE8}") = "15 - Estructura de datos tipo vector", "15 - Estructura de datos tipo vector", "{F287E919-6B57-423A-AE3C-E0ABA67D7AD7}"
EndProject
Project("{F184B08F-C81C-45F6-A57F-5ABD9991F28F}") = "SueldosCincoOperarios", "SueldosCincoOperarios\SueldosCincoOperarios.vbproj", "{0C19AC87-C53F-4266-B24B-3DACF355FD03}"
EndProject
Project("{F184B08F-C81C-45F6-A57F-5ABD9991F28F}") = "Problema2", "Tema09\Problema2\Problema2.vbproj", "{65F83A2B-B052-46D0-BCBC-D652FC9A1BED}"
EndProject
Project("{F184B08F-C81C-45F6-A57F-5ABD9991F28F}") = "Problema3", "Tema09\Problema3\Problema3.vbproj", "{C4FB4C16-72E2-4E82-BB87-1F4E8108CDBA}"
EndProject
Project("{2150E333-8FDC-42A3-9474-1A3956D46DE8}") = "Problemas Propuestos", "Problemas Propuestos", "{F0F80640-C6B1-4CA5-A2AF-E9A478353233}"
EndProject
Project("{F184B08F-C81C-45F6-A57F-5ABD9991F28F}") = "Problema1", "Tema09\Problemas\Problema1\Problema1.vbproj", "{780AB380-66A1-487C-8845-F1C681E89235}"
EndProject
Project("{2150E333-8FDC-42A3-9474-1A3956D46DE8}") = "Problemas Propuestos", "Problemas Propuestos", "{6158EF3C-EEA3-4149-9510-37547436C17E}"
EndProject
Project("{F184B08F-C81C-45F6-A57F-5ABD9991F28F}") = "Problema2", "Tema09\Problemas\Problema2\Problema2.vbproj", "{CB930ACF-717E-4C5B-BEE6-0A943115EB00}"
EndProject
Project("{F184B08F-C81C-45F6-A57F-5ABD9991F28F}") = "Problema3", "Tema09\Problemas\Problema3\Problema3.vbproj", "{93B84784-68F5-42C1-B82F-EB0DEDAF8F10}"
EndProject
Project("{F184B08F-C81C-45F6-A57F-5ABD9991F28F}") = "Problema4", "Tema09\Problemas\Problema4\Problema4.vbproj", "{432EB580-196A-4DEF-B84F-52F834FB53FE}"
EndProject
Project("{F184B08F-C81C-45F6-A57F-5ABD9991F28F}") = "Problema1", "Tema08\Problemas\Problema1\Problema1.vbproj", "{57866ADC-0A2C-45FD-8275-3916D945F971}"
EndProject
Project("{F184B08F-C81C-45F6-A57F-5ABD9991F28F}") = "Problema2", "Tema08\Problemas\Problema2\Problema2.vbproj", "{E6B03DB7-AA60-4F17-A35F-B8F6555C4AD7}"
EndProject
Project("{F184B08F-C81C-45F6-A57F-5ABD9991F28F}") = "Problema3", "Tema08\Problemas\Problema3\Problema3.vbproj", "{8B82AA0A-2994-411D-BECA-6CB96EE9C0A0}"
EndProject
Global
	GlobalSection(SolutionConfigurationPlatforms) = preSolution
		Debug|Any CPU = Debug|Any CPU
		Release|Any CPU = Release|Any CPU
	EndGlobalSection
	GlobalSection(ProjectConfigurationPlatforms) = postSolution
		{B98CF4C2-4457-42A7-8E69-78837860D58F}.Debug|Any CPU.ActiveCfg = Debug|Any CPU
		{B98CF4C2-4457-42A7-8E69-78837860D58F}.Debug|Any CPU.Build.0 = Debug|Any CPU
		{B98CF4C2-4457-42A7-8E69-78837860D58F}.Release|Any CPU.ActiveCfg = Release|Any CPU
		{B98CF4C2-4457-42A7-8E69-78837860D58F}.Release|Any CPU.Build.0 = Release|Any CPU
		{9FC70C3C-0CF7-4A67-AA5B-D7CD7B5681A4}.Debug|Any CPU.ActiveCfg = Debug|Any CPU
		{9FC70C3C-0CF7-4A67-AA5B-D7CD7B5681A4}.Debug|Any CPU.Build.0 = Debug|Any CPU
		{9FC70C3C-0CF7-4A67-AA5B-D7CD7B5681A4}.Release|Any CPU.ActiveCfg = Release|Any CPU
		{9FC70C3C-0CF7-4A67-AA5B-D7CD7B5681A4}.Release|Any CPU.Build.0 = Release|Any CPU
		{F5BEFDE1-6B2B-49A2-97BE-E49354992663}.Debug|Any CPU.ActiveCfg = Debug|Any CPU
		{F5BEFDE1-6B2B-49A2-97BE-E49354992663}.Debug|Any CPU.Build.0 = Debug|Any CPU
		{F5BEFDE1-6B2B-49A2-97BE-E49354992663}.Release|Any CPU.ActiveCfg = Release|Any CPU
		{F5BEFDE1-6B2B-49A2-97BE-E49354992663}.Release|Any CPU.Build.0 = Release|Any CPU
		{7AB6E307-9502-43F8-8DEB-E3FB2C0B59B3}.Debug|Any CPU.ActiveCfg = Debug|Any CPU
		{7AB6E307-9502-43F8-8DEB-E3FB2C0B59B3}.Debug|Any CPU.Build.0 = Debug|Any CPU
		{7AB6E307-9502-43F8-8DEB-E3FB2C0B59B3}.Release|Any CPU.ActiveCfg = Release|Any CPU
		{7AB6E307-9502-43F8-8DEB-E3FB2C0B59B3}.Release|Any CPU.Build.0 = Release|Any CPU
		{C5FC3A20-3EC9-4F4A-AE2C-94C1138D81D6}.Debug|Any CPU.ActiveCfg = Debug|Any CPU
		{C5FC3A20-3EC9-4F4A-AE2C-94C1138D81D6}.Debug|Any CPU.Build.0 = Debug|Any CPU
		{C5FC3A20-3EC9-4F4A-AE2C-94C1138D81D6}.Release|Any CPU.ActiveCfg = Release|Any CPU
		{C5FC3A20-3EC9-4F4A-AE2C-94C1138D81D6}.Release|Any CPU.Build.0 = Release|Any CPU
		{289E0ECC-63D5-4953-A872-7B734F0AD9CD}.Debug|Any CPU.ActiveCfg = Debug|Any CPU
		{289E0ECC-63D5-4953-A872-7B734F0AD9CD}.Debug|Any CPU.Build.0 = Debug|Any CPU
		{289E0ECC-63D5-4953-A872-7B734F0AD9CD}.Release|Any CPU.ActiveCfg = Release|Any CPU
		{289E0ECC-63D5-4953-A872-7B734F0AD9CD}.Release|Any CPU.Build.0 = Release|Any CPU
		{CBDA9B5D-D835-4369-A32F-709BEA74DE9D}.Debug|Any CPU.ActiveCfg = Debug|Any CPU
		{CBDA9B5D-D835-4369-A32F-709BEA74DE9D}.Debug|Any CPU.Build.0 = Debug|Any CPU
		{CBDA9B5D-D835-4369-A32F-709BEA74DE9D}.Release|Any CPU.ActiveCfg = Release|Any CPU
		{CBDA9B5D-D835-4369-A32F-709BEA74DE9D}.Release|Any CPU.Build.0 = Release|Any CPU
		{5DAF9588-6286-4A42-88AE-C7A73BA0D5DB}.Debug|Any CPU.ActiveCfg = Debug|Any CPU
		{5DAF9588-6286-4A42-88AE-C7A73BA0D5DB}.Debug|Any CPU.Build.0 = Debug|Any CPU
		{5DAF9588-6286-4A42-88AE-C7A73BA0D5DB}.Release|Any CPU.ActiveCfg = Release|Any CPU
		{5DAF9588-6286-4A42-88AE-C7A73BA0D5DB}.Release|Any CPU.Build.0 = Release|Any CPU
		{A708156B-AB6F-44AC-B89B-092DE0DB8156}.Debug|Any CPU.ActiveCfg = Debug|Any CPU
		{A708156B-AB6F-44AC-B89B-092DE0DB8156}.Debug|Any CPU.Build.0 = Debug|Any CPU
		{A708156B-AB6F-44AC-B89B-092DE0DB8156}.Release|Any CPU.ActiveCfg = Release|Any CPU
		{A708156B-AB6F-44AC-B89B-092DE0DB8156}.Release|Any CPU.Build.0 = Release|Any CPU
		{28194CA6-CC57-471A-B4DE-4D4B0E6F19B2}.Debug|Any CPU.ActiveCfg = Debug|Any CPU
		{28194CA6-CC57-471A-B4DE-4D4B0E6F19B2}.Debug|Any CPU.Build.0 = Debug|Any CPU
		{28194CA6-CC57-471A-B4DE-4D4B0E6F19B2}.Release|Any CPU.ActiveCfg = Release|Any CPU
		{28194CA6-CC57-471A-B4DE-4D4B0E6F19B2}.Release|Any CPU.Build.0 = Release|Any CPU
		{DEDDA305-A66D-4830-946D-FDD91A5EC933}.Debug|Any CPU.ActiveCfg = Debug|Any CPU
		{DEDDA305-A66D-4830-946D-FDD91A5EC933}.Debug|Any CPU.Build.0 = Debug|Any CPU
		{DEDDA305-A66D-4830-946D-FDD91A5EC933}.Release|Any CPU.ActiveCfg = Release|Any CPU
		{DEDDA305-A66D-4830-946D-FDD91A5EC933}.Release|Any CPU.Build.0 = Release|Any CPU
		{198C5331-EBF0-4418-AD2B-4856AEE9FBFA}.Debug|Any CPU.ActiveCfg = Debug|Any CPU
		{198C5331-EBF0-4418-AD2B-4856AEE9FBFA}.Debug|Any CPU.Build.0 = Debug|Any CPU
		{198C5331-EBF0-4418-AD2B-4856AEE9FBFA}.Release|Any CPU.ActiveCfg = Release|Any CPU
		{198C5331-EBF0-4418-AD2B-4856AEE9FBFA}.Release|Any CPU.Build.0 = Release|Any CPU
		{A7703F6D-08F1-4604-9030-AF53C8BCADFD}.Debug|Any CPU.ActiveCfg = Debug|Any CPU
		{A7703F6D-08F1-4604-9030-AF53C8BCADFD}.Debug|Any CPU.Build.0 = Debug|Any CPU
		{A7703F6D-08F1-4604-9030-AF53C8BCADFD}.Release|Any CPU.ActiveCfg = Release|Any CPU
		{A7703F6D-08F1-4604-9030-AF53C8BCADFD}.Release|Any CPU.Build.0 = Release|Any CPU
		{A6D52906-59C8-48EF-AB32-969EB579C023}.Debug|Any CPU.ActiveCfg = Debug|Any CPU
		{A6D52906-59C8-48EF-AB32-969EB579C023}.Debug|Any CPU.Build.0 = Debug|Any CPU
		{A6D52906-59C8-48EF-AB32-969EB579C023}.Release|Any CPU.ActiveCfg = Release|Any CPU
		{A6D52906-59C8-48EF-AB32-969EB579C023}.Release|Any CPU.Build.0 = Release|Any CPU
		{ED1F5486-1ECC-4B9F-B363-D8DA36BDD05D}.Debug|Any CPU.ActiveCfg = Debug|Any CPU
		{ED1F5486-1ECC-4B9F-B363-D8DA36BDD05D}.Debug|Any CPU.Build.0 = Debug|Any CPU
		{ED1F5486-1ECC-4B9F-B363-D8DA36BDD05D}.Release|Any CPU.ActiveCfg = Release|Any CPU
		{ED1F5486-1ECC-4B9F-B363-D8DA36BDD05D}.Release|Any CPU.Build.0 = Release|Any CPU
		{DB069F69-0E5B-4232-B9D4-7EF689562ABA}.Debug|Any CPU.ActiveCfg = Debug|Any CPU
		{DB069F69-0E5B-4232-B9D4-7EF689562ABA}.Debug|Any CPU.Build.0 = Debug|Any CPU
		{DB069F69-0E5B-4232-B9D4-7EF689562ABA}.Release|Any CPU.ActiveCfg = Release|Any CPU
		{DB069F69-0E5B-4232-B9D4-7EF689562ABA}.Release|Any CPU.Build.0 = Release|Any CPU
		{0C19AC87-C53F-4266-B24B-3DACF355FD03}.Debug|Any CPU.ActiveCfg = Debug|Any CPU
		{0C19AC87-C53F-4266-B24B-3DACF355FD03}.Debug|Any CPU.Build.0 = Debug|Any CPU
		{0C19AC87-C53F-4266-B24B-3DACF355FD03}.Release|Any CPU.ActiveCfg = Release|Any CPU
		{0C19AC87-C53F-4266-B24B-3DACF355FD03}.Release|Any CPU.Build.0 = Release|Any CPU
		{65F83A2B-B052-46D0-BCBC-D652FC9A1BED}.Debug|Any CPU.ActiveCfg = Debug|Any CPU
		{65F83A2B-B052-46D0-BCBC-D652FC9A1BED}.Debug|Any CPU.Build.0 = Debug|Any CPU
		{65F83A2B-B052-46D0-BCBC-D652FC9A1BED}.Release|Any CPU.ActiveCfg = Release|Any CPU
		{65F83A2B-B052-46D0-BCBC-D652FC9A1BED}.Release|Any CPU.Build.0 = Release|Any CPU
		{C4FB4C16-72E2-4E82-BB87-1F4E8108CDBA}.Debug|Any CPU.ActiveCfg = Debug|Any CPU
		{C4FB4C16-72E2-4E82-BB87-1F4E8108CDBA}.Debug|Any CPU.Build.0 = Debug|Any CPU
		{C4FB4C16-72E2-4E82-BB87-1F4E8108CDBA}.Release|Any CPU.ActiveCfg = Release|Any CPU
		{C4FB4C16-72E2-4E82-BB87-1F4E8108CDBA}.Release|Any CPU.Build.0 = Release|Any CPU
		{780AB380-66A1-487C-8845-F1C681E89235}.Debug|Any CPU.ActiveCfg = Debug|Any CPU
		{780AB380-66A1-487C-8845-F1C681E89235}.Debug|Any CPU.Build.0 = Debug|Any CPU
		{780AB380-66A1-487C-8845-F1C681E89235}.Release|Any CPU.ActiveCfg = Release|Any CPU
		{780AB380-66A1-487C-8845-F1C681E89235}.Release|Any CPU.Build.0 = Release|Any CPU
		{CB930ACF-717E-4C5B-BEE6-0A943115EB00}.Debug|Any CPU.ActiveCfg = Debug|Any CPU
		{CB930ACF-717E-4C5B-BEE6-0A943115EB00}.Debug|Any CPU.Build.0 = Debug|Any CPU
		{CB930ACF-717E-4C5B-BEE6-0A943115EB00}.Release|Any CPU.ActiveCfg = Release|Any CPU
		{CB930ACF-717E-4C5B-BEE6-0A943115EB00}.Release|Any CPU.Build.0 = Release|Any CPU
		{93B84784-68F5-42C1-B82F-EB0DEDAF8F10}.Debug|Any CPU.ActiveCfg = Debug|Any CPU
		{93B84784-68F5-42C1-B82F-EB0DEDAF8F10}.Debug|Any CPU.Build.0 = Debug|Any CPU
		{93B84784-68F5-42C1-B82F-EB0DEDAF8F10}.Release|Any CPU.ActiveCfg = Release|Any CPU
		{93B84784-68F5-42C1-B82F-EB0DEDAF8F10}.Release|Any CPU.Build.0 = Release|Any CPU
		{432EB580-196A-4DEF-B84F-52F834FB53FE}.Debug|Any CPU.ActiveCfg = Debug|Any CPU
		{432EB580-196A-4DEF-B84F-52F834FB53FE}.Debug|Any CPU.Build.0 = Debug|Any CPU
		{432EB580-196A-4DEF-B84F-52F834FB53FE}.Release|Any CPU.ActiveCfg = Release|Any CPU
		{432EB580-196A-4DEF-B84F-52F834FB53FE}.Release|Any CPU.Build.0 = Release|Any CPU
		{57866ADC-0A2C-45FD-8275-3916D945F971}.Debug|Any CPU.ActiveCfg = Debug|Any CPU
		{57866ADC-0A2C-45FD-8275-3916D945F971}.Debug|Any CPU.Build.0 = Debug|Any CPU
		{57866ADC-0A2C-45FD-8275-3916D945F971}.Release|Any CPU.ActiveCfg = Release|Any CPU
		{57866ADC-0A2C-45FD-8275-3916D945F971}.Release|Any CPU.Build.0 = Release|Any CPU
		{E6B03DB7-AA60-4F17-A35F-B8F6555C4AD7}.Debug|Any CPU.ActiveCfg = Debug|Any CPU
		{E6B03DB7-AA60-4F17-A35F-B8F6555C4AD7}.Debug|Any CPU.Build.0 = Debug|Any CPU
		{E6B03DB7-AA60-4F17-A35F-B8F6555C4AD7}.Release|Any CPU.ActiveCfg = Release|Any CPU
		{E6B03DB7-AA60-4F17-A35F-B8F6555C4AD7}.Release|Any CPU.Build.0 = Release|Any CPU
		{8B82AA0A-2994-411D-BECA-6CB96EE9C0A0}.Debug|Any CPU.ActiveCfg = Debug|Any CPU
		{8B82AA0A-2994-411D-BECA-6CB96EE9C0A0}.Debug|Any CPU.Build.0 = Debug|Any CPU
		{8B82AA0A-2994-411D-BECA-6CB96EE9C0A0}.Release|Any CPU.ActiveCfg = Release|Any CPU
		{8B82AA0A-2994-411D-BECA-6CB96EE9C0A0}.Release|Any CPU.Build.0 = Release|Any CPU
	EndGlobalSection
	GlobalSection(SolutionProperties) = preSolution
		HideSolutionNode = FALSE
	EndGlobalSection
	GlobalSection(NestedProjects) = preSolution
		{B98CF4C2-4457-42A7-8E69-78837860D58F} = {7E9FC828-28E0-4F97-B6EE-95570C8DDD2B}
		{9FC70C3C-0CF7-4A67-AA5B-D7CD7B5681A4} = {CA4E298D-0F55-42F8-9DD4-53A31A0021EB}
		{F5BEFDE1-6B2B-49A2-97BE-E49354992663} = {C0D0D99D-9C53-4713-8216-C65B5CD54C2B}
		{7AB6E307-9502-43F8-8DEB-E3FB2C0B59B3} = {DD6C062E-798A-4885-837D-E4B583277BA5}
		{C5FC3A20-3EC9-4F4A-AE2C-94C1138D81D6} = {ECA9B3B4-8D5C-4897-9949-A0E82E95E031}
		{289E0ECC-63D5-4953-A872-7B734F0AD9CD} = {ECA9B3B4-8D5C-4897-9949-A0E82E95E031}
		{2F11180B-F193-43DA-940D-6A16B2812E5D} = {DD6C062E-798A-4885-837D-E4B583277BA5}
		{CBDA9B5D-D835-4369-A32F-709BEA74DE9D} = {2F11180B-F193-43DA-940D-6A16B2812E5D}
		{5DAF9588-6286-4A42-88AE-C7A73BA0D5DB} = {2F11180B-F193-43DA-940D-6A16B2812E5D}
		{A708156B-AB6F-44AC-B89B-092DE0DB8156} = {2F11180B-F193-43DA-940D-6A16B2812E5D}
		{5B75FFE1-35C9-4DD2-B949-3802BD2A036A} = {DD6C062E-798A-4885-837D-E4B583277BA5}
		{28194CA6-CC57-471A-B4DE-4D4B0E6F19B2} = {341B0FD9-D887-46CF-AE41-DE5CF38222E7}
		{DEDDA305-A66D-4830-946D-FDD91A5EC933} = {5B75FFE1-35C9-4DD2-B949-3802BD2A036A}
		{198C5331-EBF0-4418-AD2B-4856AEE9FBFA} = {5B75FFE1-35C9-4DD2-B949-3802BD2A036A}
		{A7703F6D-08F1-4604-9030-AF53C8BCADFD} = {5B75FFE1-35C9-4DD2-B949-3802BD2A036A}
		{A6D52906-59C8-48EF-AB32-969EB579C023} = {5B75FFE1-35C9-4DD2-B949-3802BD2A036A}
		{ED1F5486-1ECC-4B9F-B363-D8DA36BDD05D} = {53306104-CB66-4683-B840-BC3608F4E801}
		{DB069F69-0E5B-4232-B9D4-7EF689562ABA} = {53306104-CB66-4683-B840-BC3608F4E801}
		{0C19AC87-C53F-4266-B24B-3DACF355FD03} = {F287E919-6B57-423A-AE3C-E0ABA67D7AD7}
		{65F83A2B-B052-46D0-BCBC-D652FC9A1BED} = {F287E919-6B57-423A-AE3C-E0ABA67D7AD7}
		{C4FB4C16-72E2-4E82-BB87-1F4E8108CDBA} = {F287E919-6B57-423A-AE3C-E0ABA67D7AD7}
		{F0F80640-C6B1-4CA5-A2AF-E9A478353233} = {F287E919-6B57-423A-AE3C-E0ABA67D7AD7}
		{780AB380-66A1-487C-8845-F1C681E89235} = {F0F80640-C6B1-4CA5-A2AF-E9A478353233}
		{6158EF3C-EEA3-4149-9510-37547436C17E} = {53306104-CB66-4683-B840-BC3608F4E801}
		{CB930ACF-717E-4C5B-BEE6-0A943115EB00} = {F0F80640-C6B1-4CA5-A2AF-E9A478353233}
		{93B84784-68F5-42C1-B82F-EB0DEDAF8F10} = {F0F80640-C6B1-4CA5-A2AF-E9A478353233}
		{432EB580-196A-4DEF-B84F-52F834FB53FE} = {F0F80640-C6B1-4CA5-A2AF-E9A478353233}
		{57866ADC-0A2C-45FD-8275-3916D945F971} = {6158EF3C-EEA3-4149-9510-37547436C17E}
		{E6B03DB7-AA60-4F17-A35F-B8F6555C4AD7} = {6158EF3C-EEA3-4149-9510-37547436C17E}
		{8B82AA0A-2994-411D-BECA-6CB96EE9C0A0} = {6158EF3C-EEA3-4149-9510-37547436C17E}
	EndGlobalSection
	GlobalSection(ExtensibilityGlobals) = postSolution
		SolutionGuid = {FEB04171-2C9B-4FF4-9F91-F79DA1199880}
	EndGlobalSection
EndGlobal
